PODS:
  - PryntTrimmerView (3.0.0)
  - Realm (3.13.1):
    - Realm/Headers (= 3.13.1)
  - Realm/Headers (3.13.1)
  - RealmSwift (3.13.1):
    - Realm (= 3.13.1)
  - SteviaLayout (4.4.3)
  - YPImagePicker (3.5.3):
    - PryntTrimmerView (~> 3.0.0)
    - SteviaLayout (~> 4.4.1)

DEPENDENCIES:
  - RealmSwift
  - YPImagePicker

SPEC REPOS:
  https://github.com/cocoapods/specs.git:
    - PryntTrimmerView
    - Realm
    - RealmSwift
    - SteviaLayout
    - YPImagePicker

SPEC CHECKSUMS:
  PryntTrimmerView: 53ac64053c7ce63cb3e27f54090f52da0734891d
  Realm: 50071da38fe079e0735e47c9f2eae738c68c5996
  RealmSwift: 8a1e6a02b7a08cd17a31e3115143fb69fe5f3fb9
  SteviaLayout: ae5ee66101e03607a93c9b3773b84ab7ba7b3d17
  YPImagePicker: 5dd3814b47b1208e9c8cc8f6ef77fe90db3723b6

PODFILE CHECKSUM: aab1834d9e4b4515a6ec162b759b5c96b372fb21

COCOAPODS: 1.5.3
